
Microsoft Visual Studio Solution File, Format Version 12.00
# Visual Studio 15
Project("{FAE04EC0-301F-11D3-BF4B-00C04F79EFBC}") = "TVET.Plugins", "TVET.Plugins.csproj", "{9988A052-2EFC-CBA0-4450-8D0C23833D80}"
EndProject
Project("{FAE04EC0-301F-11D3-BF4B-00C04F79EFBC}") = "TVET", "TVET.csproj", "{722CE59F-B266-9BCF-5D39-27752F46F000}"
EndProject
Project("{FAE04EC0-301F-11D3-BF4B-00C04F79EFBC}") = "TVET.Editor.Plugins", "TVET.Editor.Plugins.csproj", "{9A8FE1C4-526D-A384-91A5-72DEB02D0165}"
EndProject
Project("{FAE04EC0-301F-11D3-BF4B-00C04F79EFBC}") = "TVET.Editor", "TVET.Editor.csproj", "{330D8535-7BFC-4B11-FEC5-5F7AA23257CA}"
EndProject
Global
	GlobalSection(SolutionConfigurationPlatforms) = preSolution
		Debug|Any CPU = Debug|Any CPU
		Release|Any CPU = Release|Any CPU
	EndGlobalSection
	GlobalSection(ProjectConfigurationPlatforms) = postSolution
		{9988A052-2EFC-CBA0-4450-8D0C23833D80}.Debug|Any CPU.ActiveCfg = Debug|Any CPU
		{9988A052-2EFC-CBA0-4450-8D0C23833D80}.Debug|Any CPU.Build.0 = Debug|Any CPU
		{9988A052-2EFC-CBA0-4450-8D0C23833D80}.Release|Any CPU.ActiveCfg = Release|Any CPU
		{9988A052-2EFC-CBA0-4450-8D0C23833D80}.Release|Any CPU.Build.0 = Release|Any CPU
		{722CE59F-B266-9BCF-5D39-27752F46F000}.Debug|Any CPU.ActiveCfg = Debug|Any CPU
		{722CE59F-B266-9BCF-5D39-27752F46F000}.Debug|Any CPU.Build.0 = Debug|Any CPU
		{722CE59F-B266-9BCF-5D39-27752F46F000}.Release|Any CPU.ActiveCfg = Release|Any CPU
		{722CE59F-B266-9BCF-5D39-27752F46F000}.Release|Any CPU.Build.0 = Release|Any CPU
		{9A8FE1C4-526D-A384-91A5-72DEB02D0165}.Debug|Any CPU.ActiveCfg = Debug|Any CPU
		{9A8FE1C4-526D-A384-91A5-72DEB02D0165}.Debug|Any CPU.Build.0 = Debug|Any CPU
		{9A8FE1C4-526D-A384-91A5-72DEB02D0165}.Release|Any CPU.ActiveCfg = Release|Any CPU
		{9A8FE1C4-526D-A384-91A5-72DEB02D0165}.Release|Any CPU.Build.0 = Release|Any CPU
		{330D8535-7BFC-4B11-FEC5-5F7AA23257CA}.Debug|Any CPU.ActiveCfg = Debug|Any CPU
		{330D8535-7BFC-4B11-FEC5-5F7AA23257CA}.Debug|Any CPU.Build.0 = Debug|Any CPU
		{330D8535-7BFC-4B11-FEC5-5F7AA23257CA}.Release|Any CPU.ActiveCfg = Release|Any CPU
		{330D8535-7BFC-4B11-FEC5-5F7AA23257CA}.Release|Any CPU.Build.0 = Release|Any CPU
	EndGlobalSection
	GlobalSection(SolutionProperties) = preSolution
		HideSolutionNode = FALSE
	EndGlobalSection
EndGlobal
